// !$*UTF8*$!
{
	archiveVersion = 1;
	classes = {
	};
	objectVersion = 46;
	objects = {

/* Begin PBXBuildFile section */
		D2A036C31A234D2F002086F6 /* SAColorTableViewCell.xib in Resources */ = {isa = PBXBuildFile; fileRef = D2A036C21A234CA9002086F6 /* SAColorTableViewCell.xib */; };
		D2A036C71A2352EA002086F6 /* SAColorTableViewCell.m in Sources */ = {isa = PBXBuildFile; fileRef = D2A036C61A2352EA002086F6 /* SAColorTableViewCell.m */; };
		D2C34E3D19ACBBA800A2E5CE /* Cocoa.framework in Frameworks */ = {isa = PBXBuildFile; fileRef = D2C34E3C19ACBBA800A2E5CE /* Cocoa.framework */; };
		D2C34E4719ACBBA800A2E5CE /* InfoPlist.strings in Resources */ = {isa = PBXBuildFile; fileRef = D2C34E4519ACBBA800A2E5CE /* InfoPlist.strings */; };
		D2C34E4919ACBBA800A2E5CE /* main.m in Sources */ = {isa = PBXBuildFile; fileRef = D2C34E4819ACBBA800A2E5CE /* main.m */; };
		D2C34E4D19ACBBA800A2E5CE /* Credits.rtf in Resources */ = {isa = PBXBuildFile; fileRef = D2C34E4B19ACBBA800A2E5CE /* Credits.rtf */; };
		D2C34E5019ACBBA800A2E5CE /* SADocument.m in Sources */ = {isa = PBXBuildFile; fileRef = D2C34E4F19ACBBA800A2E5CE /* SADocument.m */; };
		D2C34E5819ACBBA800A2E5CE /* Images.xcassets in Resources */ = {isa = PBXBuildFile; fileRef = D2C34E5719ACBBA800A2E5CE /* Images.xcassets */; };
		D2C34E7819ACBCE200A2E5CE /* SADocumentModel.m in Sources */ = {isa = PBXBuildFile; fileRef = D2C34E7719ACBCE200A2E5CE /* SADocumentModel.m */; };
		D2C34E7B19ACBCFF00A2E5CE /* SAShape.m in Sources */ = {isa = PBXBuildFile; fileRef = D2C34E7A19ACBCFF00A2E5CE /* SAShape.m */; };
		D2C34E7E19ACBD1700A2E5CE /* SAShape+Factory.m in Sources */ = {isa = PBXBuildFile; fileRef = D2C34E7D19ACBD1700A2E5CE /* SAShape+Factory.m */; };
		D2C34E8119ACBD3E00A2E5CE /* SARectangleShape.m in Sources */ = {isa = PBXBuildFile; fileRef = D2C34E8019ACBD3E00A2E5CE /* SARectangleShape.m */; };
		D2C34E8419ACBD4D00A2E5CE /* SATriangleShape.m in Sources */ = {isa = PBXBuildFile; fileRef = D2C34E8319ACBD4D00A2E5CE /* SATriangleShape.m */; };
		D2C34E8719ACBD6200A2E5CE /* SAEllipseShape.m in Sources */ = {isa = PBXBuildFile; fileRef = D2C34E8619ACBD6200A2E5CE /* SAEllipseShape.m */; };
		D2C34E8A19ACC0C600A2E5CE /* SADocumentView.m in Sources */ = {isa = PBXBuildFile; fileRef = D2C34E8919ACC0C600A2E5CE /* SADocumentView.m */; };
		D2C34E8D19ACC39D00A2E5CE /* SAShapeView.m in Sources */ = {isa = PBXBuildFile; fileRef = D2C34E8C19ACC39D00A2E5CE /* SAShapeView.m */; };
		D2C34E8F19ACC4A900A2E5CE /* Quartz.framework in Frameworks */ = {isa = PBXBuildFile; fileRef = D2C34E8E19ACC4A900A2E5CE /* Quartz.framework */; };
		D2C34E9219ACD24600A2E5CE /* SAColorPanelView.m in Sources */ = {isa = PBXBuildFile; fileRef = D2C34E9119ACD24600A2E5CE /* SAColorPanelView.m */; };
		D2CF2FBB1A236D5600EF5E77 /* SADocument.xib in Resources */ = {isa = PBXBuildFile; fileRef = D2C34E5119ACBBA800A2E5CE /* SADocument.xib */; };
		D2CF2FBC1A236D5A00EF5E77 /* MainMenu.xib in Resources */ = {isa = PBXBuildFile; fileRef = D2C34E5419ACBBA800A2E5CE /* MainMenu.xib */; };
		D2DDA1F11A163184005B6164 /* circle.png in Resources */ = {isa = PBXBuildFile; fileRef = D2DDA1EE1A163184005B6164 /* circle.png */; };
		D2DDA1F21A163184005B6164 /* square.png in Resources */ = {isa = PBXBuildFile; fileRef = D2DDA1EF1A163184005B6164 /* square.png */; };
		D2DDA1F31A163184005B6164 /* triangle.png in Resources */ = {isa = PBXBuildFile; fileRef = D2DDA1F01A163184005B6164 /* triangle.png */; };
		D2DDA1F61A16323A005B6164 /* fill.png in Resources */ = {isa = PBXBuildFile; fileRef = D2DDA1F41A16323A005B6164 /* fill.png */; };
		D2DDA1F71A16323A005B6164 /* stroke.png in Resources */ = {isa = PBXBuildFile; fileRef = D2DDA1F51A16323A005B6164 /* stroke.png */; };
		D2DDA1F91A16623C005B6164 /* search.png in Resources */ = {isa = PBXBuildFile; fileRef = D2DDA1F81A16623C005B6164 /* search.png */; };
		D2F181051A1A21DD00779DCD /* XPlatformColor.m in Sources */ = {isa = PBXBuildFile; fileRef = D2F181041A1A21DD00779DCD /* XPlatformColor.m */; };
		D2F181121A1A3B2800779DCD /* main.m in Sources */ = {isa = PBXBuildFile; fileRef = D2F181111A1A3B2800779DCD /* main.m */; };
		D2F181151A1A3B2800779DCD /* AppDelegate.m in Sources */ = {isa = PBXBuildFile; fileRef = D2F181141A1A3B2800779DCD /* AppDelegate.m */; };
		D2F1811D1A1A3B2900779DCD /* Images.xcassets in Resources */ = {isa = PBXBuildFile; fileRef = D2F1811C1A1A3B2900779DCD /* Images.xcassets */; };
		D2F181371A1A3CE900779DCD /* SAViewController.m in Sources */ = {isa = PBXBuildFile; fileRef = D2F181361A1A3CE900779DCD /* SAViewController.m */; };
		D2F1813A1A1A3D1200779DCD /* SAShapeSelectorViewController.m in Sources */ = {isa = PBXBuildFile; fileRef = D2F181391A1A3D1200779DCD /* SAShapeSelectorViewController.m */; };
		D2F1813D1A1A3D2800779DCD /* SAColorSelectorViewController.m in Sources */ = {isa = PBXBuildFile; fileRef = D2F1813C1A1A3D2800779DCD /* SAColorSelectorViewController.m */; };
		D2F181401A1A3D8F00779DCD /* SADocument.m in Sources */ = {isa = PBXBuildFile; fileRef = D2F1813F1A1A3D8F00779DCD /* SADocument.m */; };
		D2F181421A1A3EB000779DCD /* Main.storyboard in Resources */ = {isa = PBXBuildFile; fileRef = D2F181411A1A3EB000779DCD /* Main.storyboard */; };
		D2F181471A1A41FE00779DCD /* SADocumentView.m in Sources */ = {isa = PBXBuildFile; fileRef = D2F181461A1A41FE00779DCD /* SADocumentView.m */; };
		D2F1814A1A1A421300779DCD /* SAShapeView.m in Sources */ = {isa = PBXBuildFile; fileRef = D2F181491A1A421300779DCD /* SAShapeView.m */; };
		D2F1814B1A1A44D800779DCD /* XPlatformColor.m in Sources */ = {isa = PBXBuildFile; fileRef = D2F181041A1A21DD00779DCD /* XPlatformColor.m */; };
		D2F1814C1A1A44EA00779DCD /* SADocumentModel.m in Sources */ = {isa = PBXBuildFile; fileRef = D2C34E7719ACBCE200A2E5CE /* SADocumentModel.m */; };
		D2F1814D1A1A44EA00779DCD /* SAShape.m in Sources */ = {isa = PBXBuildFile; fileRef = D2C34E7A19ACBCFF00A2E5CE /* SAShape.m */; };
		D2F1814E1A1A44EA00779DCD /* SAShape+Factory.m in Sources */ = {isa = PBXBuildFile; fileRef = D2C34E7D19ACBD1700A2E5CE /* SAShape+Factory.m */; };
		D2F1814F1A1A44EA00779DCD /* SARectangleShape.m in Sources */ = {isa = PBXBuildFile; fileRef = D2C34E8019ACBD3E00A2E5CE /* SARectangleShape.m */; };
		D2F181501A1A44EA00779DCD /* SATriangleShape.m in Sources */ = {isa = PBXBuildFile; fileRef = D2C34E8319ACBD4D00A2E5CE /* SATriangleShape.m */; };
		D2F181511A1A44EA00779DCD /* SAEllipseShape.m in Sources */ = {isa = PBXBuildFile; fileRef = D2C34E8619ACBD6200A2E5CE /* SAEllipseShape.m */; };
		D2F181551A1A9A1500779DCD /* UIKit.framework in Frameworks */ = {isa = PBXBuildFile; fileRef = D2F181541A1A9A1500779DCD /* UIKit.framework */; };
/* End PBXBuildFile section */

/* Begin PBXFileReference section */
		D2A036C21A234CA9002086F6 /* SAColorTableViewCell.xib */ = {isa = PBXFileReference; lastKnownFileType = file.xib; name = SAColorTableViewCell.xib; path = "ShapeArt iOS/SAColorTableViewCell.xib"; sourceTree = "<group>"; };
		D2A036C51A2352EA002086F6 /* SAColorTableViewCell.h */ = {isa = PBXFileReference; fileEncoding = 4; lastKnownFileType = sourcecode.c.h; path = SAColorTableViewCell.h; sourceTree = "<group>"; };
		D2A036C61A2352EA002086F6 /* SAColorTableViewCell.m */ = {isa = PBXFileReference; fileEncoding = 4; lastKnownFileType = sourcecode.c.objc; path = SAColorTableViewCell.m; sourceTree = "<group>"; };
		D2C34E3919ACBBA800A2E5CE /* ShapeArt.app */ = {isa = PBXFileReference; explicitFileType = wrapper.application; includeInIndex = 0; path = ShapeArt.app; sourceTree = BUILT_PRODUCTS_DIR; };
		D2C34E3C19ACBBA800A2E5CE /* Cocoa.framework */ = {isa = PBXFileReference; lastKnownFileType = wrapper.framework; name = Cocoa.framework; path = System/Library/Frameworks/Cocoa.framework; sourceTree = SDKROOT; };
		D2C34E3F19ACBBA800A2E5CE /* AppKit.framework */ = {isa = PBXFileReference; lastKnownFileType = wrapper.framework; name = AppKit.framework; path = System/Library/Frameworks/AppKit.framework; sourceTree = SDKROOT; };
		D2C34E4019ACBBA800A2E5CE /* CoreData.framework */ = {isa = PBXFileReference; lastKnownFileType = wrapper.framework; name = CoreData.framework; path = System/Library/Frameworks/CoreData.framework; sourceTree = SDKROOT; };
		D2C34E4119ACBBA800A2E5CE /* Foundation.framework */ = {isa = PBXFileReference; lastKnownFileType = wrapper.framework; name = Foundation.framework; path = System/Library/Frameworks/Foundation.framework; sourceTree = SDKROOT; };
		D2C34E4419ACBBA800A2E5CE /* ShapeArt-Info.plist */ = {isa = PBXFileReference; lastKnownFileType = text.plist.xml; path = "ShapeArt-Info.plist"; sourceTree = "<group>"; };
		D2C34E4619ACBBA800A2E5CE /* en */ = {isa = PBXFileReference; lastKnownFileType = text.plist.strings; name = en; path = en.lproj/InfoPlist.strings; sourceTree = "<group>"; };
		D2C34E4819ACBBA800A2E5CE /* main.m */ = {isa = PBXFileReference; lastKnownFileType = sourcecode.c.objc; path = main.m; sourceTree = "<group>"; };
		D2C34E4A19ACBBA800A2E5CE /* ShapeArt-Prefix.pch */ = {isa = PBXFileReference; lastKnownFileType = sourcecode.c.h; path = "ShapeArt-Prefix.pch"; sourceTree = "<group>"; };
		D2C34E4C19ACBBA800A2E5CE /* en */ = {isa = PBXFileReference; lastKnownFileType = text.rtf; name = en; path = en.lproj/Credits.rtf; sourceTree = "<group>"; };
		D2C34E4E19ACBBA800A2E5CE /* SADocument.h */ = {isa = PBXFileReference; lastKnownFileType = sourcecode.c.h; name = SADocument.h; path = ShapeArt/SADocument.h; sourceTree = "<group>"; };
		D2C34E4F19ACBBA800A2E5CE /* SADocument.m */ = {isa = PBXFileReference; lastKnownFileType = sourcecode.c.objc; name = SADocument.m; path = ShapeArt/SADocument.m; sourceTree = "<group>"; };
		D2C34E5219ACBBA800A2E5CE /* Base */ = {isa = PBXFileReference; lastKnownFileType = file.xib; name = Base; path = Base.lproj/SADocument.xib; sourceTree = "<group>"; };
		D2C34E5519ACBBA800A2E5CE /* Base */ = {isa = PBXFileReference; lastKnownFileType = file.xib; name = Base; path = Base.lproj/MainMenu.xib; sourceTree = "<group>"; };
		D2C34E5719ACBBA800A2E5CE /* Images.xcassets */ = {isa = PBXFileReference; lastKnownFileType = folder.assetcatalog; path = Images.xcassets; sourceTree = "<group>"; };
		D2C34E5E19ACBBA800A2E5CE /* XCTest.framework */ = {isa = PBXFileReference; lastKnownFileType = wrapper.framework; name = XCTest.framework; path = Library/Frameworks/XCTest.framework; sourceTree = DEVELOPER_DIR; };
		D2C34E7619ACBCE200A2E5CE /* SADocumentModel.h */ = {isa = PBXFileReference; fileEncoding = 4; lastKnownFileType = sourcecode.c.h; name = SADocumentModel.h; path = ShapeArt/SADocumentModel.h; sourceTree = "<group>"; };
		D2C34E7719ACBCE200A2E5CE /* SADocumentModel.m */ = {isa = PBXFileReference; fileEncoding = 4; lastKnownFileType = sourcecode.c.objc; name = SADocumentModel.m; path = ShapeArt/SADocumentModel.m; sourceTree = "<group>"; };
		D2C34E7919ACBCFF00A2E5CE /* SAShape.h */ = {isa = PBXFileReference; fileEncoding = 4; lastKnownFileType = sourcecode.c.h; name = SAShape.h; path = ShapeArt/SAShape.h; sourceTree = "<group>"; };
		D2C34E7A19ACBCFF00A2E5CE /* SAShape.m */ = {isa = PBXFileReference; fileEncoding = 4; lastKnownFileType = sourcecode.c.objc; name = SAShape.m; path = ShapeArt/SAShape.m; sourceTree = "<group>"; };
		D2C34E7C19ACBD1700A2E5CE /* SAShape+Factory.h */ = {isa = PBXFileReference; fileEncoding = 4; lastKnownFileType = sourcecode.c.h; name = "SAShape+Factory.h"; path = "ShapeArt/SAShape+Factory.h"; sourceTree = "<group>"; };
		D2C34E7D19ACBD1700A2E5CE /* SAShape+Factory.m */ = {isa = PBXFileReference; fileEncoding = 4; lastKnownFileType = sourcecode.c.objc; name = "SAShape+Factory.m"; path = "ShapeArt/SAShape+Factory.m"; sourceTree = "<group>"; };
		D2C34E7F19ACBD3E00A2E5CE /* SARectangleShape.h */ = {isa = PBXFileReference; fileEncoding = 4; lastKnownFileType = sourcecode.c.h; name = SARectangleShape.h; path = ShapeArt/SARectangleShape.h; sourceTree = "<group>"; };
		D2C34E8019ACBD3E00A2E5CE /* SARectangleShape.m */ = {isa = PBXFileReference; fileEncoding = 4; lastKnownFileType = sourcecode.c.objc; name = SARectangleShape.m; path = ShapeArt/SARectangleShape.m; sourceTree = "<group>"; };
		D2C34E8219ACBD4D00A2E5CE /* SATriangleShape.h */ = {isa = PBXFileReference; fileEncoding = 4; lastKnownFileType = sourcecode.c.h; name = SATriangleShape.h; path = ShapeArt/SATriangleShape.h; sourceTree = "<group>"; };
		D2C34E8319ACBD4D00A2E5CE /* SATriangleShape.m */ = {isa = PBXFileReference; fileEncoding = 4; lastKnownFileType = sourcecode.c.objc; name = SATriangleShape.m; path = ShapeArt/SATriangleShape.m; sourceTree = "<group>"; };
		D2C34E8519ACBD6200A2E5CE /* SAEllipseShape.h */ = {isa = PBXFileReference; fileEncoding = 4; lastKnownFileType = sourcecode.c.h; name = SAEllipseShape.h; path = ShapeArt/SAEllipseShape.h; sourceTree = "<group>"; };
		D2C34E8619ACBD6200A2E5CE /* SAEllipseShape.m */ = {isa = PBXFileReference; fileEncoding = 4; lastKnownFileType = sourcecode.c.objc; name = SAEllipseShape.m; path = ShapeArt/SAEllipseShape.m; sourceTree = "<group>"; };
		D2C34E8819ACC0C600A2E5CE /* SADocumentView.h */ = {isa = PBXFileReference; fileEncoding = 4; lastKnownFileType = sourcecode.c.h; name = SADocumentView.h; path = ShapeArt/SADocumentView.h; sourceTree = "<group>"; };
		D2C34E8919ACC0C600A2E5CE /* SADocumentView.m */ = {isa = PBXFileReference; fileEncoding = 4; lastKnownFileType = sourcecode.c.objc; name = SADocumentView.m; path = ShapeArt/SADocumentView.m; sourceTree = "<group>"; };
		D2C34E8B19ACC39D00A2E5CE /* SAShapeView.h */ = {isa = PBXFileReference; fileEncoding = 4; lastKnownFileType = sourcecode.c.h; name = SAShapeView.h; path = ShapeArt/SAShapeView.h; sourceTree = "<group>"; };
		D2C34E8C19ACC39D00A2E5CE /* SAShapeView.m */ = {isa = PBXFileReference; fileEncoding = 4; lastKnownFileType = sourcecode.c.objc; name = SAShapeView.m; path = ShapeArt/SAShapeView.m; sourceTree = "<group>"; };
		D2C34E8E19ACC4A900A2E5CE /* Quartz.framework */ = {isa = PBXFileReference; lastKnownFileType = wrapper.framework; name = Quartz.framework; path = System/Library/Frameworks/Quartz.framework; sourceTree = SDKROOT; };
		D2C34E9019ACD24600A2E5CE /* SAColorPanelView.h */ = {isa = PBXFileReference; fileEncoding = 4; lastKnownFileType = sourcecode.c.h; name = SAColorPanelView.h; path = ShapeArt/SAColorPanelView.h; sourceTree = "<group>"; };
		D2C34E9119ACD24600A2E5CE /* SAColorPanelView.m */ = {isa = PBXFileReference; fileEncoding = 4; lastKnownFileType = sourcecode.c.objc; name = SAColorPanelView.m; path = ShapeArt/SAColorPanelView.m; sourceTree = "<group>"; };
		D2DDA1EE1A163184005B6164 /* circle.png */ = {isa = PBXFileReference; lastKnownFileType = image.png; path = circle.png; sourceTree = "<group>"; };
		D2DDA1EF1A163184005B6164 /* square.png */ = {isa = PBXFileReference; lastKnownFileType = image.png; path = square.png; sourceTree = "<group>"; };
		D2DDA1F01A163184005B6164 /* triangle.png */ = {isa = PBXFileReference; lastKnownFileType = image.png; path = triangle.png; sourceTree = "<group>"; };
		D2DDA1F41A16323A005B6164 /* fill.png */ = {isa = PBXFileReference; lastKnownFileType = image.png; path = fill.png; sourceTree = "<group>"; };
		D2DDA1F51A16323A005B6164 /* stroke.png */ = {isa = PBXFileReference; lastKnownFileType = image.png; path = stroke.png; sourceTree = "<group>"; };
		D2DDA1F81A16623C005B6164 /* search.png */ = {isa = PBXFileReference; lastKnownFileType = image.png; path = search.png; sourceTree = "<group>"; };
		D2F181031A1A21DD00779DCD /* XPlatformColor.h */ = {isa = PBXFileReference; fileEncoding = 4; lastKnownFileType = sourcecode.c.h; name = XPlatformColor.h; path = ShapeArt/XPlatformColor.h; sourceTree = "<group>"; };
		D2F181041A1A21DD00779DCD /* XPlatformColor.m */ = {isa = PBXFileReference; fileEncoding = 4; lastKnownFileType = sourcecode.c.objc; name = XPlatformColor.m; path = ShapeArt/XPlatformColor.m; sourceTree = "<group>"; };
		D2F1810D1A1A3B2800779DCD /* ShapeArt iOS.app */ = {isa = PBXFileReference; explicitFileType = wrapper.application; includeInIndex = 0; path = "ShapeArt iOS.app"; sourceTree = BUILT_PRODUCTS_DIR; };
		D2F181101A1A3B2800779DCD /* Info.plist */ = {isa = PBXFileReference; lastKnownFileType = text.plist.xml; path = Info.plist; sourceTree = "<group>"; };
		D2F181111A1A3B2800779DCD /* main.m */ = {isa = PBXFileReference; lastKnownFileType = sourcecode.c.objc; path = main.m; sourceTree = "<group>"; };
		D2F181131A1A3B2800779DCD /* AppDelegate.h */ = {isa = PBXFileReference; lastKnownFileType = sourcecode.c.h; name = AppDelegate.h; path = "ShapeArt iOS/AppDelegate.h"; sourceTree = "<group>"; };
		D2F181141A1A3B2800779DCD /* AppDelegate.m */ = {isa = PBXFileReference; lastKnownFileType = sourcecode.c.objc; name = AppDelegate.m; path = "ShapeArt iOS/AppDelegate.m"; sourceTree = "<group>"; };
		D2F1811C1A1A3B2900779DCD /* Images.xcassets */ = {isa = PBXFileReference; lastKnownFileType = folder.assetcatalog; name = Images.xcassets; path = "ShapeArt iOS/Images.xcassets"; sourceTree = "<group>"; };
		D2F181351A1A3CE900779DCD /* SAViewController.h */ = {isa = PBXFileReference; fileEncoding = 4; lastKnownFileType = sourcecode.c.h; path = SAViewController.h; sourceTree = "<group>"; };
		D2F181361A1A3CE900779DCD /* SAViewController.m */ = {isa = PBXFileReference; fileEncoding = 4; lastKnownFileType = sourcecode.c.objc; path = SAViewController.m; sourceTree = "<group>"; };
		D2F181381A1A3D1200779DCD /* SAShapeSelectorViewController.h */ = {isa = PBXFileReference; fileEncoding = 4; lastKnownFileType = sourcecode.c.h; path = SAShapeSelectorViewController.h; sourceTree = "<group>"; };
		D2F181391A1A3D1200779DCD /* SAShapeSelectorViewController.m */ = {isa = PBXFileReference; fileEncoding = 4; lastKnownFileType = sourcecode.c.objc; path = SAShapeSelectorViewController.m; sourceTree = "<group>"; };
		D2F1813B1A1A3D2800779DCD /* SAColorSelectorViewController.h */ = {isa = PBXFileReference; fileEncoding = 4; lastKnownFileType = sourcecode.c.h; path = SAColorSelectorViewController.h; sourceTree = "<group>"; };
		D2F1813C1A1A3D2800779DCD /* SAColorSelectorViewController.m */ = {isa = PBXFileReference; fileEncoding = 4; lastKnownFileType = sourcecode.c.objc; path = SAColorSelectorViewController.m; sourceTree = "<group>"; };
		D2F1813E1A1A3D8F00779DCD /* SADocument.h */ = {isa = PBXFileReference; fileEncoding = 4; lastKnownFileType = sourcecode.c.h; path = SADocument.h; sourceTree = "<group>"; };
		D2F1813F1A1A3D8F00779DCD /* SADocument.m */ = {isa = PBXFileReference; fileEncoding = 4; lastKnownFileType = sourcecode.c.objc; path = SADocument.m; sourceTree = "<group>"; };
		D2F181411A1A3EB000779DCD /* Main.storyboard */ = {isa = PBXFileReference; fileEncoding = 4; lastKnownFileType = file.storyboard; name = Main.storyboard; path = "ShapeArt iOS/Main.storyboard"; sourceTree = "<group>"; };
		D2F181451A1A41FE00779DCD /* SADocumentView.h */ = {isa = PBXFileReference; fileEncoding = 4; lastKnownFileType = sourcecode.c.h; path = SADocumentView.h; sourceTree = "<group>"; };
		D2F181461A1A41FE00779DCD /* SADocumentView.m */ = {isa = PBXFileReference; fileEncoding = 4; lastKnownFileType = sourcecode.c.objc; path = SADocumentView.m; sourceTree = "<group>"; };
		D2F181481A1A421300779DCD /* SAShapeView.h */ = {isa = PBXFileReference; fileEncoding = 4; lastKnownFileType = sourcecode.c.h; path = SAShapeView.h; sourceTree = "<group>"; };
		D2F181491A1A421300779DCD /* SAShapeView.m */ = {isa = PBXFileReference; fileEncoding = 4; lastKnownFileType = sourcecode.c.objc; path = SAShapeView.m; sourceTree = "<group>"; };
		D2F181541A1A9A1500779DCD /* UIKit.framework */ = {isa = PBXFileReference; lastKnownFileType = wrapper.framework; name = UIKit.framework; path = Platforms/iPhoneOS.platform/Developer/SDKs/iPhoneOS8.1.sdk/System/Library/Frameworks/UIKit.framework; sourceTree = DEVELOPER_DIR; };
		D2F181561A1A9CAC00779DCD /* ShapeArt-iOS-Prefix.pch */ = {isa = PBXFileReference; fileEncoding = 4; lastKnownFileType = sourcecode.c.h; path = "ShapeArt-iOS-Prefix.pch"; sourceTree = "<group>"; };
/* End PBXFileReference section */

/* Begin PBXFrameworksBuildPhase section */
		D2C34E3619ACBBA800A2E5CE /* Frameworks */ = {
			isa = PBXFrameworksBuildPhase;
			buildActionMask = 2147483647;
			files = (
				D2C34E8F19ACC4A900A2E5CE /* Quartz.framework in Frameworks */,
				D2C34E3D19ACBBA800A2E5CE /* Cocoa.framework in Frameworks */,
			);
			runOnlyForDeploymentPostprocessing = 0;
		};
		D2F1810A1A1A3B2800779DCD /* Frameworks */ = {
			isa = PBXFrameworksBuildPhase;
			buildActionMask = 2147483647;
			files = (
				D2F181551A1A9A1500779DCD /* UIKit.framework in Frameworks */,
			);
			runOnlyForDeploymentPostprocessing = 0;
		};
/* End PBXFrameworksBuildPhase section */

/* Begin PBXGroup section */
		D2C34E3019ACBBA800A2E5CE = {
			isa = PBXGroup;
			children = (
				D2F181081A1A3A5D00779DCD /* Common Source */,
				D2F181071A1A3A2900779DCD /* iOS Source */,
				D2F181061A1A39FA00779DCD /* OS X Source */,
				D2F1810E1A1A3B2800779DCD /* ShapeArt iOS */,
				D2C34E3B19ACBBA800A2E5CE /* Frameworks */,
				D2C34E3A19ACBBA800A2E5CE /* Products */,
			);
			sourceTree = "<group>";
		};
		D2C34E3A19ACBBA800A2E5CE /* Products */ = {
			isa = PBXGroup;
			children = (
				D2C34E3919ACBBA800A2E5CE /* ShapeArt.app */,
				D2F1810D1A1A3B2800779DCD /* ShapeArt iOS.app */,
			);
			name = Products;
			sourceTree = "<group>";
		};
		D2C34E3B19ACBBA800A2E5CE /* Frameworks */ = {
			isa = PBXGroup;
			children = (
				D2F181541A1A9A1500779DCD /* UIKit.framework */,
				D2C34E8E19ACC4A900A2E5CE /* Quartz.framework */,
				D2C34E3C19ACBBA800A2E5CE /* Cocoa.framework */,
				D2C34E5E19ACBBA800A2E5CE /* XCTest.framework */,
				D2C34E3E19ACBBA800A2E5CE /* Other Frameworks */,
			);
			name = Frameworks;
			sourceTree = "<group>";
		};
		D2C34E3E19ACBBA800A2E5CE /* Other Frameworks */ = {
			isa = PBXGroup;
			children = (
				D2C34E3F19ACBBA800A2E5CE /* AppKit.framework */,
				D2C34E4019ACBBA800A2E5CE /* CoreData.framework */,
				D2C34E4119ACBBA800A2E5CE /* Foundation.framework */,
			);
			name = "Other Frameworks";
			sourceTree = "<group>";
		};
		D2C34E4319ACBBA800A2E5CE /* Supporting Files */ = {
			isa = PBXGroup;
			children = (
				D2C34E5719ACBBA800A2E5CE /* Images.xcassets */,
				D2C34E4419ACBBA800A2E5CE /* ShapeArt-Info.plist */,
				D2C34E4519ACBBA800A2E5CE /* InfoPlist.strings */,
				D2C34E4819ACBBA800A2E5CE /* main.m */,
				D2C34E4A19ACBBA800A2E5CE /* ShapeArt-Prefix.pch */,
				D2C34E4B19ACBBA800A2E5CE /* Credits.rtf */,
			);
			name = "Supporting Files";
			path = ShapeArt;
			sourceTree = "<group>";
		};
		D2C34E7319ACBBD800A2E5CE /* Model */ = {
			isa = PBXGroup;
			children = (
				D2C34E7619ACBCE200A2E5CE /* SADocumentModel.h */,
				D2C34E7719ACBCE200A2E5CE /* SADocumentModel.m */,
				D2C34E7919ACBCFF00A2E5CE /* SAShape.h */,
				D2C34E7A19ACBCFF00A2E5CE /* SAShape.m */,
				D2C34E7C19ACBD1700A2E5CE /* SAShape+Factory.h */,
				D2C34E7D19ACBD1700A2E5CE /* SAShape+Factory.m */,
				D2C34E7F19ACBD3E00A2E5CE /* SARectangleShape.h */,
				D2C34E8019ACBD3E00A2E5CE /* SARectangleShape.m */,
				D2C34E8219ACBD4D00A2E5CE /* SATriangleShape.h */,
				D2C34E8319ACBD4D00A2E5CE /* SATriangleShape.m */,
				D2C34E8519ACBD6200A2E5CE /* SAEllipseShape.h */,
				D2C34E8619ACBD6200A2E5CE /* SAEllipseShape.m */,
			);
			name = Model;
			sourceTree = "<group>";
		};
		D2C34E7419ACBBEA00A2E5CE /* View */ = {
			isa = PBXGroup;
			children = (
				D2C34E9019ACD24600A2E5CE /* SAColorPanelView.h */,
				D2C34E9119ACD24600A2E5CE /* SAColorPanelView.m */,
				D2C34E8819ACC0C600A2E5CE /* SADocumentView.h */,
				D2C34E8919ACC0C600A2E5CE /* SADocumentView.m */,
				D2C34E8B19ACC39D00A2E5CE /* SAShapeView.h */,
				D2C34E8C19ACC39D00A2E5CE /* SAShapeView.m */,
			);
			name = View;
			sourceTree = "<group>";
		};
		D2C34E7519ACBBF400A2E5CE /* Controller */ = {
			isa = PBXGroup;
			children = (
				D2C34E4E19ACBBA800A2E5CE /* SADocument.h */,
				D2C34E4F19ACBBA800A2E5CE /* SADocument.m */,
			);
			name = Controller;
			sourceTree = "<group>";
		};
		D2DDA1ED1A163184005B6164 /* Images */ = {
			isa = PBXGroup;
			children = (
				D2DDA1F81A16623C005B6164 /* search.png */,
				D2DDA1F41A16323A005B6164 /* fill.png */,
				D2DDA1F51A16323A005B6164 /* stroke.png */,
				D2DDA1EE1A163184005B6164 /* circle.png */,
				D2DDA1EF1A163184005B6164 /* square.png */,
				D2DDA1F01A163184005B6164 /* triangle.png */,
			);
			name = Images;
			path = ShapeArt/Images;
			sourceTree = "<group>";
		};
		D2F181021A1A216700779DCD /* Utils */ = {
			isa = PBXGroup;
			children = (
				D2F181031A1A21DD00779DCD /* XPlatformColor.h */,
				D2F181041A1A21DD00779DCD /* XPlatformColor.m */,
			);
			name = Utils;
			sourceTree = "<group>";
		};
		D2F181061A1A39FA00779DCD /* OS X Source */ = {
			isa = PBXGroup;
			children = (
				D2C34E5119ACBBA800A2E5CE /* SADocument.xib */,
				D2C34E5419ACBBA800A2E5CE /* MainMenu.xib */,
				D2C34E7419ACBBEA00A2E5CE /* View */,
				D2C34E7519ACBBF400A2E5CE /* Controller */,
				D2DDA1ED1A163184005B6164 /* Images */,
				D2C34E4319ACBBA800A2E5CE /* Supporting Files */,
			);
			name = "OS X Source";
			sourceTree = "<group>";
		};
		D2F181071A1A3A2900779DCD /* iOS Source */ = {
			isa = PBXGroup;
			children = (
				D2F181441A1A41DD00779DCD /* Controller */,
				D2F181431A1A41D300779DCD /* View */,
				D2F181131A1A3B2800779DCD /* AppDelegate.h */,
				D2F181141A1A3B2800779DCD /* AppDelegate.m */,
				D2A036C21A234CA9002086F6 /* SAColorTableViewCell.xib */,
				D2F181411A1A3EB000779DCD /* Main.storyboard */,
				D2F1811C1A1A3B2900779DCD /* Images.xcassets */,
				D2F1810F1A1A3B2800779DCD /* Supporting Files */,
			);
			name = "iOS Source";
			sourceTree = "<group>";
		};
		D2F181081A1A3A5D00779DCD /* Common Source */ = {
			isa = PBXGroup;
			children = (
				D2F181021A1A216700779DCD /* Utils */,
				D2C34E7319ACBBD800A2E5CE /* Model */,
			);
			name = "Common Source";
			sourceTree = "<group>";
		};
		D2F1810E1A1A3B2800779DCD /* ShapeArt iOS */ = {
			isa = PBXGroup;
			children = (
			);
			path = "ShapeArt iOS";
			sourceTree = "<group>";
		};
		D2F1810F1A1A3B2800779DCD /* Supporting Files */ = {
			isa = PBXGroup;
			children = (
				D2F181101A1A3B2800779DCD /* Info.plist */,
				D2F181561A1A9CAC00779DCD /* ShapeArt-iOS-Prefix.pch */,
				D2F181111A1A3B2800779DCD /* main.m */,
			);
			name = "Supporting Files";
			path = "ShapeArt iOS";
			sourceTree = "<group>";
		};
		D2F181431A1A41D300779DCD /* View */ = {
			isa = PBXGroup;
			children = (
				D2A036C51A2352EA002086F6 /* SAColorTableViewCell.h */,
				D2A036C61A2352EA002086F6 /* SAColorTableViewCell.m */,
				D2F181451A1A41FE00779DCD /* SADocumentView.h */,
				D2F181461A1A41FE00779DCD /* SADocumentView.m */,
				D2F181481A1A421300779DCD /* SAShapeView.h */,
				D2F181491A1A421300779DCD /* SAShapeView.m */,
			);
			name = View;
			path = "ShapeArt iOS";
			sourceTree = "<group>";
		};
		D2F181441A1A41DD00779DCD /* Controller */ = {
			isa = PBXGroup;
			children = (
				D2F1813E1A1A3D8F00779DCD /* SADocument.h */,
				D2F1813F1A1A3D8F00779DCD /* SADocument.m */,
				D2F181351A1A3CE900779DCD /* SAViewController.h */,
				D2F181361A1A3CE900779DCD /* SAViewController.m */,
				D2F181381A1A3D1200779DCD /* SAShapeSelectorViewController.h */,
				D2F181391A1A3D1200779DCD /* SAShapeSelectorViewController.m */,
				D2F1813B1A1A3D2800779DCD /* SAColorSelectorViewController.h */,
				D2F1813C1A1A3D2800779DCD /* SAColorSelectorViewController.m */,
			);
			name = Controller;
			path = "ShapeArt iOS";
			sourceTree = "<group>";
		};
/* End PBXGroup section */

/* Begin PBXNativeTarget section */
		D2C34E3819ACBBA800A2E5CE /* ShapeArt */ = {
			isa = PBXNativeTarget;
			buildConfigurationList = D2C34E6D19ACBBA800A2E5CE /* Build configuration list for PBXNativeTarget "ShapeArt" */;
			buildPhases = (
				D2C34E3519ACBBA800A2E5CE /* Sources */,
				D2C34E3619ACBBA800A2E5CE /* Frameworks */,
				D2C34E3719ACBBA800A2E5CE /* Resources */,
			);
			buildRules = (
			);
			dependencies = (
			);
			name = ShapeArt;
			productName = ShapeArt;
			productReference = D2C34E3919ACBBA800A2E5CE /* ShapeArt.app */;
			productType = "com.apple.product-type.application";
		};
		D2F1810C1A1A3B2800779DCD /* ShapeArt iOS */ = {
			isa = PBXNativeTarget;
			buildConfigurationList = D2F1812D1A1A3B2900779DCD /* Build configuration list for PBXNativeTarget "ShapeArt iOS" */;
			buildPhases = (
				D2F181091A1A3B2800779DCD /* Sources */,
				D2F1810A1A1A3B2800779DCD /* Frameworks */,
				D2F1810B1A1A3B2800779DCD /* Resources */,
			);
			buildRules = (
			);
			dependencies = (
			);
			name = "ShapeArt iOS";
			productName = "ShapeArt iOS";
			productReference = D2F1810D1A1A3B2800779DCD /* ShapeArt iOS.app */;
			productType = "com.apple.product-type.application";
		};
/* End PBXNativeTarget section */

/* Begin PBXProject section */
		D2C34E3119ACBBA800A2E5CE /* Project object */ = {
			isa = PBXProject;
			attributes = {
				CLASSPREFIX = SA;
				LastUpgradeCheck = 0610;
				ORGANIZATIONNAME = "Marek Hrusovsky";
				TargetAttributes = {
					D2F1810C1A1A3B2800779DCD = {
						CreatedOnToolsVersion = 6.1;
					};
				};
			};
			buildConfigurationList = D2C34E3419ACBBA800A2E5CE /* Build configuration list for PBXProject "ShapeArt" */;
			compatibilityVersion = "Xcode 3.2";
			developmentRegion = English;
			hasScannedForEncodings = 0;
			knownRegions = (
				en,
				Base,
			);
			mainGroup = D2C34E3019ACBBA800A2E5CE;
			productRefGroup = D2C34E3A19ACBBA800A2E5CE /* Products */;
			projectDirPath = "";
			projectRoot = "";
			targets = (
				D2C34E3819ACBBA800A2E5CE /* ShapeArt */,
				D2F1810C1A1A3B2800779DCD /* ShapeArt iOS */,
			);
		};
/* End PBXProject section */

/* Begin PBXResourcesBuildPhase section */
		D2C34E3719ACBBA800A2E5CE /* Resources */ = {
			isa = PBXResourcesBuildPhase;
			buildActionMask = 2147483647;
			files = (
				D2C34E4719ACBBA800A2E5CE /* InfoPlist.strings in Resources */,
				D2C34E5819ACBBA800A2E5CE /* Images.xcassets in Resources */,
				D2DDA1F61A16323A005B6164 /* fill.png in Resources */,
				D2CF2FBC1A236D5A00EF5E77 /* MainMenu.xib in Resources */,
				D2DDA1F71A16323A005B6164 /* stroke.png in Resources */,
				D2C34E4D19ACBBA800A2E5CE /* Credits.rtf in Resources */,
				D2DDA1F21A163184005B6164 /* square.png in Resources */,
				D2CF2FBB1A236D5600EF5E77 /* SADocument.xib in Resources */,
				D2DDA1F11A163184005B6164 /* circle.png in Resources */,
				D2DDA1F91A16623C005B6164 /* search.png in Resources */,
				D2DDA1F31A163184005B6164 /* triangle.png in Resources */,
			);
			runOnlyForDeploymentPostprocessing = 0;
		};
		D2F1810B1A1A3B2800779DCD /* Resources */ = {
			isa = PBXResourcesBuildPhase;
			buildActionMask = 2147483647;
			files = (
				D2F181421A1A3EB000779DCD /* Main.storyboard in Resources */,
				D2F1811D1A1A3B2900779DCD /* Images.xcassets in Resources */,
				D2A036C31A234D2F002086F6 /* SAColorTableViewCell.xib in Resources */,
			);
			runOnlyForDeploymentPostprocessing = 0;
		};
/* End PBXResourcesBuildPhase section */

/* Begin PBXSourcesBuildPhase section */
		D2C34E3519ACBBA800A2E5CE /* Sources */ = {
			isa = PBXSourcesBuildPhase;
			buildActionMask = 2147483647;
			files = (
				D2C34E5019ACBBA800A2E5CE /* SADocument.m in Sources */,
				D2C34E8119ACBD3E00A2E5CE /* SARectangleShape.m in Sources */,
				D2C34E9219ACD24600A2E5CE /* SAColorPanelView.m in Sources */,
				D2C34E8D19ACC39D00A2E5CE /* SAShapeView.m in Sources */,
				D2C34E7B19ACBCFF00A2E5CE /* SAShape.m in Sources */,
				D2C34E4919ACBBA800A2E5CE /* main.m in Sources */,
				D2C34E7819ACBCE200A2E5CE /* SADocumentModel.m in Sources */,
				D2F181051A1A21DD00779DCD /* XPlatformColor.m in Sources */,
				D2C34E8419ACBD4D00A2E5CE /* SATriangleShape.m in Sources */,
				D2C34E8A19ACC0C600A2E5CE /* SADocumentView.m in Sources */,
				D2C34E8719ACBD6200A2E5CE /* SAEllipseShape.m in Sources */,
				D2C34E7E19ACBD1700A2E5CE /* SAShape+Factory.m in Sources */,
			);
			runOnlyForDeploymentPostprocessing = 0;
		};
		D2F181091A1A3B2800779DCD /* Sources */ = {
			isa = PBXSourcesBuildPhase;
			buildActionMask = 2147483647;
			files = (
				D2F1814E1A1A44EA00779DCD /* SAShape+Factory.m in Sources */,
				D2F1814A1A1A421300779DCD /* SAShapeView.m in Sources */,
				D2F1814D1A1A44EA00779DCD /* SAShape.m in Sources */,
				D2F1814B1A1A44D800779DCD /* XPlatformColor.m in Sources */,
				D2F181511A1A44EA00779DCD /* SAEllipseShape.m in Sources */,
				D2F181371A1A3CE900779DCD /* SAViewController.m in Sources */,
				D2F181501A1A44EA00779DCD /* SATriangleShape.m in Sources */,
				D2A036C71A2352EA002086F6 /* SAColorTableViewCell.m in Sources */,
				D2F1814F1A1A44EA00779DCD /* SARectangleShape.m in Sources */,
				D2F1813D1A1A3D2800779DCD /* SAColorSelectorViewController.m in Sources */,
				D2F1814C1A1A44EA00779DCD /* SADocumentModel.m in Sources */,
				D2F181471A1A41FE00779DCD /* SADocumentView.m in Sources */,
				D2F181151A1A3B2800779DCD /* AppDelegate.m in Sources */,
				D2F181121A1A3B2800779DCD /* main.m in Sources */,
				D2F1813A1A1A3D1200779DCD /* SAShapeSelectorViewController.m in Sources */,
				D2F181401A1A3D8F00779DCD /* SADocument.m in Sources */,
			);
			runOnlyForDeploymentPostprocessing = 0;
		};
/* End PBXSourcesBuildPhase section */

/* Begin PBXVariantGroup section */
		D2C34E4519ACBBA800A2E5CE /* InfoPlist.strings */ = {
			isa = PBXVariantGroup;
			children = (
				D2C34E4619ACBBA800A2E5CE /* en */,
			);
			name = InfoPlist.strings;
			sourceTree = "<group>";
		};
		D2C34E4B19ACBBA800A2E5CE /* Credits.rtf */ = {
			isa = PBXVariantGroup;
			children = (
				D2C34E4C19ACBBA800A2E5CE /* en */,
			);
			name = Credits.rtf;
			sourceTree = "<group>";
		};
		D2C34E5119ACBBA800A2E5CE /* SADocument.xib */ = {
			isa = PBXVariantGroup;
			children = (
				D2C34E5219ACBBA800A2E5CE /* Base */,
			);
			name = SADocument.xib;
			path = ShapeArt;
			sourceTree = "<group>";
		};
		D2C34E5419ACBBA800A2E5CE /* MainMenu.xib */ = {
			isa = PBXVariantGroup;
			children = (
				D2C34E5519ACBBA800A2E5CE /* Base */,
			);
			name = MainMenu.xib;
			path = ShapeArt;
			sourceTree = "<group>";
		};
/* End PBXVariantGroup section */

/* Begin XCBuildConfiguration section */
		D2C34E6B19ACBBA800A2E5CE /* Debug */ = {
			isa = XCBuildConfiguration;
			buildSettings = {
				ALWAYS_SEARCH_USER_PATHS = NO;
				CLANG_CXX_LANGUAGE_STANDARD = "gnu++0x";
				CLANG_CXX_LIBRARY = "libc++";
				CLANG_ENABLE_MODULES = YES;
				CLANG_ENABLE_OBJC_ARC = YES;
				CLANG_WARN_BOOL_CONVERSION = YES;
				CLANG_WARN_CONSTANT_CONVERSION = YES;
				CLANG_WARN_DIRECT_OBJC_ISA_USAGE = YES_ERROR;
				CLANG_WARN_EMPTY_BODY = YES;
				CLANG_WARN_ENUM_CONVERSION = YES;
				CLANG_WARN_INT_CONVERSION = YES;
				CLANG_WARN_OBJC_ROOT_CLASS = YES_ERROR;
				CLANG_WARN__DUPLICATE_METHOD_MATCH = YES;
				COPY_PHASE_STRIP = NO;
				GCC_C_LANGUAGE_STANDARD = gnu99;
				GCC_DYNAMIC_NO_PIC = NO;
				GCC_ENABLE_OBJC_EXCEPTIONS = YES;
				GCC_OPTIMIZATION_LEVEL = 0;
				GCC_PREPROCESSOR_DEFINITIONS = (
					"DEBUG=1",
					"$(inherited)",
				);
				GCC_SYMBOLS_PRIVATE_EXTERN = NO;
				GCC_WARN_64_TO_32_BIT_CONVERSION = YES;
				GCC_WARN_ABOUT_RETURN_TYPE = YES_ERROR;
				GCC_WARN_UNDECLARED_SELECTOR = YES;
				GCC_WARN_UNINITIALIZED_AUTOS = YES_AGGRESSIVE;
				GCC_WARN_UNUSED_FUNCTION = YES;
				GCC_WARN_UNUSED_VARIABLE = YES;
				MACOSX_DEPLOYMENT_TARGET = 10.9;
				ONLY_ACTIVE_ARCH = YES;
				SDKROOT = macosx;
			};
			name = Debug;
		};
		D2C34E6C19ACBBA800A2E5CE /* Release */ = {
			isa = XCBuildConfiguration;
			buildSettings = {
				ALWAYS_SEARCH_USER_PATHS = NO;
				CLANG_CXX_LANGUAGE_STANDARD = "gnu++0x";
				CLANG_CXX_LIBRARY = "libc++";
				CLANG_ENABLE_MODULES = YES;
				CLANG_ENABLE_OBJC_ARC = YES;
				CLANG_WARN_BOOL_CONVERSION = YES;
				CLANG_WARN_CONSTANT_CONVERSION = YES;
				CLANG_WARN_DIRECT_OBJC_ISA_USAGE = YES_ERROR;
				CLANG_WARN_EMPTY_BODY = YES;
				CLANG_WARN_ENUM_CONVERSION = YES;
				CLANG_WARN_INT_CONVERSION = YES;
				CLANG_WARN_OBJC_ROOT_CLASS = YES_ERROR;
				CLANG_WARN__DUPLICATE_METHOD_MATCH = YES;
				COPY_PHASE_STRIP = YES;
				DEBUG_INFORMATION_FORMAT = "dwarf-with-dsym";
				ENABLE_NS_ASSERTIONS = NO;
				GCC_C_LANGUAGE_STANDARD = gnu99;
				GCC_ENABLE_OBJC_EXCEPTIONS = YES;
				GCC_WARN_64_TO_32_BIT_CONVERSION = YES;
				GCC_WARN_ABOUT_RETURN_TYPE = YES_ERROR;
				GCC_WARN_UNDECLARED_SELECTOR = YES;
				GCC_WARN_UNINITIALIZED_AUTOS = YES_AGGRESSIVE;
				GCC_WARN_UNUSED_FUNCTION = YES;
				GCC_WARN_UNUSED_VARIABLE = YES;
				MACOSX_DEPLOYMENT_TARGET = 10.9;
				SDKROOT = macosx;
			};
			name = Release;
		};
		D2C34E6E19ACBBA800A2E5CE /* Debug */ = {
			isa = XCBuildConfiguration;
			buildSettings = {
				ASSETCATALOG_COMPILER_APPICON_NAME = AppIcon;
				COMBINE_HIDPI_IMAGES = YES;
				GCC_PRECOMPILE_PREFIX_HEADER = YES;
				GCC_PREFIX_HEADER = "ShapeArt/ShapeArt-Prefix.pch";
				INFOPLIST_FILE = "ShapeArt/ShapeArt-Info.plist";
				MACOSX_DEPLOYMENT_TARGET = 10.10;
				PRODUCT_NAME = "$(TARGET_NAME)";
				SDKROOT = macosx;
				WRAPPER_EXTENSION = app;
			};
			name = Debug;
		};
		D2C34E6F19ACBBA800A2E5CE /* Release */ = {
			isa = XCBuildConfiguration;
			buildSettings = {
				ASSETCATALOG_COMPILER_APPICON_NAME = AppIcon;
				COMBINE_HIDPI_IMAGES = YES;
				GCC_PRECOMPILE_PREFIX_HEADER = YES;
				GCC_PREFIX_HEADER = "ShapeArt/ShapeArt-Prefix.pch";
				INFOPLIST_FILE = "ShapeArt/ShapeArt-Info.plist";
				MACOSX_DEPLOYMENT_TARGET = 10.10;
				PRODUCT_NAME = "$(TARGET_NAME)";
				SDKROOT = macosx;
				WRAPPER_EXTENSION = app;
			};
			name = Release;
		};
		D2F1812E1A1A3B2900779DCD /* Debug */ = {
			isa = XCBuildConfiguration;
			buildSettings = {
				ASSETCATALOG_COMPILER_APPICON_NAME = AppIcon;
				CLANG_WARN_UNREACHABLE_CODE = YES;
				"CODE_SIGN_IDENTITY[sdk=iphoneos*]" = "iPhone Developer";
				ENABLE_STRICT_OBJC_MSGSEND = YES;
				GCC_PRECOMPILE_PREFIX_HEADER = YES;
				GCC_PREFIX_HEADER = "ShapeArt/ShapeArt-iOS-Prefix.pch";
				GCC_PREPROCESSOR_DEFINITIONS = (
					"DEBUG=1",
					"$(inherited)",
				);
				INFOPLIST_FILE = "ShapeArt iOS/Info.plist";
				IPHONEOS_DEPLOYMENT_TARGET = 8.1;
				LD_RUNPATH_SEARCH_PATHS = "$(inherited) @executable_path/Frameworks";
				MTL_ENABLE_DEBUG_INFO = YES;
				PRODUCT_NAME = "$(TARGET_NAME)";
				SDKROOT = iphoneos;
			};
			name = Debug;
		};
		D2F1812F1A1A3B2900779DCD /* Release */ = {
			isa = XCBuildConfiguration;
			buildSettings = {
				ASSETCATALOG_COMPILER_APPICON_NAME = AppIcon;
				CLANG_WARN_UNREACHABLE_CODE = YES;
				"CODE_SIGN_IDENTITY[sdk=iphoneos*]" = "iPhone Developer";
				ENABLE_STRICT_OBJC_MSGSEND = YES;
				GCC_PRECOMPILE_PREFIX_HEADER = YES;
				GCC_PREFIX_HEADER = "ShapeArt/ShapeArt-iOS-Prefix.pch";
				INFOPLIST_FILE = "ShapeArt iOS/Info.plist";
				IPHONEOS_DEPLOYMENT_TARGET = 8.1;
				LD_RUNPATH_SEARCH_PATHS = "$(inherited) @executable_path/Frameworks";
				MTL_ENABLE_DEBUG_INFO = NO;
				PRODUCT_NAME = "$(TARGET_NAME)";
				SDKROOT = iphoneos;
				VALIDATE_PRODUCT = YES;
			};
			name = Release;
		};
/* End XCBuildConfiguration section */

/* Begin XCConfigurationList section */
		D2C34E3419ACBBA800A2E5CE /* Build configuration list for PBXProject "ShapeArt" */ = {
			isa = XCConfigurationList;
			buildConfigurations = (
				D2C34E6B19ACBBA800A2E5CE /* Debug */,
				D2C34E6C19ACBBA800A2E5CE /* Release */,
			);
			defaultConfigurationIsVisible = 0;
			defaultConfigurationName = Release;
		};
		D2C34E6D19ACBBA800A2E5CE /* Build configuration list for PBXNativeTarget "ShapeArt" */ = {
			isa = XCConfigurationList;
			buildConfigurations = (
				D2C34E6E19ACBBA800A2E5CE /* Debug */,
				D2C34E6F19ACBBA800A2E5CE /* Release */,
			);
			defaultConfigurationIsVisible = 0;
			defaultConfigurationName = Release;
		};
		D2F1812D1A1A3B2900779DCD /* Build configuration list for PBXNativeTarget "ShapeArt iOS" */ = {
			isa = XCConfigurationList;
			buildConfigurations = (
				D2F1812E1A1A3B2900779DCD /* Debug */,
				D2F1812F1A1A3B2900779DCD /* Release */,
			);
			defaultConfigurationIsVisible = 0;
			defaultConfigurationName = Release;
		};
/* End XCConfigurationList section */
	};
	rootObject = D2C34E3119ACBBA800A2E5CE /* Project object */;
}
